
Microsoft Visual Studio Solution File, Format Version 12.00
# Visual Studio 15
VisualStudioVersion = 15.0.27004.2005
MinimumVisualStudioVersion = 10.0.40219.1
Project("{FAE04EC0-301F-11D3-BF4B-00C04F79EFBC}") = "Example", "Example\Example.csproj", "{204395BC-F36E-4CB9-8B38-18DDF412A4AA}"
EndProject
Project("{9A19103F-16F7-4668-BE54-9A1E7A4F7556}") = "BalticAmadeus.Config", "BalticAmadeus.Config\BalticAmadeus.Config.csproj", "{ADEDB6FB-4071-45D3-98B8-AFC1F4F2DF9C}"
EndProject
Global
	GlobalSection(SolutionConfigurationPlatforms) = preSolution
		Debug|Any CPU = Debug|Any CPU
		Release|Any CPU = Release|Any CPU
	EndGlobalSection
	GlobalSection(ProjectConfigurationPlatforms) = postSolution
		{204395BC-F36E-4CB9-8B38-18DDF412A4AA}.Debug|Any CPU.ActiveCfg = Debug|Any CPU
		{204395BC-F36E-4CB9-8B38-18DDF412A4AA}.Debug|Any CPU.Build.0 = Debug|Any CPU
		{204395BC-F36E-4CB9-8B38-18DDF412A4AA}.Release|Any CPU.ActiveCfg = Release|Any CPU
		{204395BC-F36E-4CB9-8B38-18DDF412A4AA}.Release|Any CPU.Build.0 = Release|Any CPU
		{ADEDB6FB-4071-45D3-98B8-AFC1F4F2DF9C}.Debug|Any CPU.ActiveCfg = Debug|Any CPU
		{ADEDB6FB-4071-45D3-98B8-AFC1F4F2DF9C}.Debug|Any CPU.Build.0 = Debug|Any CPU
		{ADEDB6FB-4071-45D3-98B8-AFC1F4F2DF9C}.Release|Any CPU.ActiveCfg = Release|Any CPU
		{ADEDB6FB-4071-45D3-98B8-AFC1F4F2DF9C}.Release|Any CPU.Build.0 = Release|Any CPU
	EndGlobalSection
	GlobalSection(SolutionProperties) = preSolution
		HideSolutionNode = FALSE
	EndGlobalSection
	GlobalSection(ExtensibilityGlobals) = postSolution
		SolutionGuid = {375DCA83-A87F-41D0-9E27-C242D3F1EADA}
	EndGlobalSection
EndGlobal
